<?xml version="1.0" encoding="UTF-8" standalone="yes" ?>
<CodeBlocks_project_file>
	<FileVersion major="1" minor="6" />
	<Project>
		<Option title="metroid_thingy" />
		<Option pch_mode="2" />
		<Option compiler="gcc" />
		<Build>
			<Target title="Debug">
				<Option output="./metroid_thingy" prefix_auto="1" extension_auto="1" />
				<Option object_output="./debug/" />
				<Option type="1" />
				<Option compiler="gcc" />
				<Option parameters="-ed" />
				<Compiler>
					<Add option="-g" />
				</Compiler>
			</Target>
			<Target title="Release">
				<Option output="./metroid_thingy" prefix_auto="1" extension_auto="1" />
				<Option object_output="./release/" />
				<Option type="1" />
				<Option compiler="gcc" />
				<Option parameters="-ed" />
				<Compiler>
					<Add option="-O3" />
				</Compiler>
			</Target>
		</Build>
		<Compiler>
			<Add option="-Wall" />
			<Add option="-std=c11" />
			<Add option="-Wno-missing-braces" />
			<Add option="-fno-omit-frame-pointer" />
			<Add option="-Wno-write-strings" />
			<Add directory="lib/SDL/include" />
			<Add directory="lib" />
			<Add directory="lib/GLEW/include" />
			<Add directory="lib/tinyobjloader" />
			<Add directory="lib/OPENAL/include" />
			<Add directory="lib/tinycthread" />
			<Add directory="lib/vorbis/include" />
			<Add directory="lib/bullet/include" />
			<Add directory="lib/backtrace/include" />
			<Add directory="lib/newton/include" />
			<Add directory="lib/newton/include/dgNewton" />
			<Add directory="lib/newton/include/dContainers" />
			<Add directory="lib/newton/include/dMath" />
			<Add directory="lib/newton/include/dgCore" />
			<Add directory="lib/newton/include/dgPhysics" />
			<Add directory="lib/newton/include/dgMeshUtil" />
		</Compiler>
		<Linker>
			<Add library="SDL2" />
			<Add library="opengl32" />
			<Add library="glew32" />
			<Add library="OpenAL32" />
			<Add library="ogg" />
			<Add library="vorbis" />
			<Add library="vorbisfile" />
			<Add library="Ole32" />
			<Add library="backtrace" />
			<Add library="newton.dll" />
			<Add library="dgCore.dll" />
			<Add library="dgPhysics.dll" />
			<Add library="dCustomJoints.dll" />
			<Add library="dMath.dll" />
			<Add directory="lib/SDL/lib" />
			<Add directory="lib/GLEW/lib" />
			<Add directory="lib/OPENAL/lib" />
			<Add directory="lib/vorbis/lib" />
			<Add directory="lib/bullet/lib" />
			<Add directory="lib/backtrace/lib" />
			<Add directory="lib/newton/lib" />
		</Linker>
		<Unit filename="editor/brush.c">
			<Option compilerVar="CC" />
		</Unit>
		<Unit filename="editor/brush.h" />
		<Unit filename="editor/ed_brush_defs.h" />
		<Unit filename="editor/ed_defs.h" />
		<Unit filename="editor/ed_ent.c">
			<Option compilerVar="CC" />
		</Unit>
		<Unit filename="editor/ed_ent.h" />
		<Unit filename="editor/ed_ent_defs.h" />
		<Unit filename="editor/ed_level_defs.h" />
		<Unit filename="editor/ed_main.c">
			<Option compilerVar="CC" />
		</Unit>
		<Unit filename="editor/ed_main.h" />
		<Unit filename="editor/ed_pick.c">
			<Option compilerVar="CC" />
		</Unit>
		<Unit filename="editor/ed_pick.h" />
		<Unit filename="editor/ed_pick_defs.h" />
		<Unit filename="editor/ed_proj.c">
			<Option compilerVar="CC" />
		</Unit>
		<Unit filename="editor/ed_proj.h" />
		<Unit filename="editor/level.c">
			<Option compilerVar="CC" />
		</Unit>
		<Unit filename="editor/level.h" />
		<Unit filename="editor/light.c">
			<Option compilerVar="CC" />
		</Unit>
		<Unit filename="editor/light.h" />
		<Unit filename="editor/obj.c">
			<Option compilerVar="CC" />
		</Unit>
		<Unit filename="editor/obj.h" />
		<Unit filename="engine/anim.c">
			<Option compilerVar="CC" />
		</Unit>
		<Unit filename="engine/anim.h" />
		<Unit filename="engine/e_defs.h" />
		<Unit filename="engine/ent.c">
			<Option compilerVar="CC" />
		</Unit>
		<Unit filename="engine/ent.h" />
		<Unit filename="engine/g_barrier.c">
			<Option compilerVar="CC" />
		</Unit>
		<Unit filename="engine/g_barrier.h" />
		<Unit filename="engine/g_defs.h" />
		<Unit filename="engine/g_enemy.c">
			<Option compilerVar="CC" />
		</Unit>
		<Unit filename="engine/g_enemy.h" />
		<Unit filename="engine/g_game.c">
			<Option compilerVar="CC" />
		</Unit>
		<Unit filename="engine/g_game.h" />
		<Unit filename="engine/g_main.c">
			<Option compilerVar="CC" />
		</Unit>
		<Unit filename="engine/g_main.h" />
		<Unit filename="engine/g_player.c">
			<Option compilerVar="CC" />
		</Unit>
		<Unit filename="engine/g_player.h" />
		<Unit filename="engine/gui.c">
			<Option compilerVar="CC" />
		</Unit>
		<Unit filename="engine/gui.h" />
		<Unit filename="engine/impl.c">
			<Option compilerVar="CC" />
		</Unit>
		<Unit filename="engine/input.c">
			<Option compilerVar="CC" />
		</Unit>
		<Unit filename="engine/input.h" />
		<Unit filename="engine/l_defs.h" />
		<Unit filename="engine/level.c">
			<Option compilerVar="CC" />
		</Unit>
		<Unit filename="engine/level.h" />
		<Unit filename="engine/log.c">
			<Option compilerVar="CC" />
		</Unit>
		<Unit filename="engine/log.h" />
		<Unit filename="engine/main.c">
			<Option compilerVar="CC" />
		</Unit>
		<Unit filename="engine/main.h" />
		<Unit filename="engine/p_col.c">
			<Option compilerVar="CC" />
		</Unit>
		<Unit filename="engine/p_col.h" />
		<Unit filename="engine/p_defs.h" />
		<Unit filename="engine/phys.cpp" />
		<Unit filename="engine/phys.h" />
		<Unit filename="engine/r_defs.h" />
		<Unit filename="engine/r_draw.c">
			<Option compilerVar="CC" />
		</Unit>
		<Unit filename="engine/r_draw.h" />
		<Unit filename="engine/r_draw_i.c">
			<Option compilerVar="CC" />
		</Unit>
		<Unit filename="engine/r_draw_i.h" />
		<Unit filename="engine/r_main.c">
			<Option compilerVar="CC" />
		</Unit>
		<Unit filename="engine/r_main.h" />
		<Unit filename="engine/r_vis.c">
			<Option compilerVar="CC" />
		</Unit>
		<Unit filename="engine/r_vis.h" />
		<Unit filename="engine/sound.c">
			<Option compilerVar="CC" />
		</Unit>
		<Unit filename="engine/sound.h" />
		<Unit filename="lib/cimgui/cimgui.cpp" />
		<Unit filename="lib/cimgui/cimgui.h" />
		<Unit filename="lib/cimgui/imgui/imconfig.h" />
		<Unit filename="lib/cimgui/imgui/imgui.cpp" />
		<Unit filename="lib/cimgui/imgui/imgui.h" />
		<Unit filename="lib/cimgui/imgui/imgui_demo.cpp" />
		<Unit filename="lib/cimgui/imgui/imgui_draw.cpp" />
		<Unit filename="lib/cimgui/imgui/imgui_internal.h" />
		<Unit filename="lib/cimgui/imgui/imgui_tables.cpp" />
		<Unit filename="lib/cimgui/imgui/imgui_widgets.cpp" />
		<Unit filename="lib/cimgui/imgui/imstb_rectpack.h" />
		<Unit filename="lib/cimgui/imgui/imstb_textedit.h" />
		<Unit filename="lib/cimgui/imgui/imstb_truetype.h" />
		<Unit filename="lib/lzo/minilzo.c">
			<Option compilerVar="CC" />
		</Unit>
		<Unit filename="lib/lzo/minilzo.h" />
		<Unit filename="lib/tinycthread/tinycthread.c">
			<Option compilerVar="CC" />
		</Unit>
		<Unit filename="lib/tinycthread/tinycthread.h" />
		<Extensions>
			<lib_finder disable_auto="1" />
		</Extensions>
	</Project>
</CodeBlocks_project_file>
