<?xml version="1.0" encoding="UTF-8" standalone="yes" ?>
<CodeBlocks_project_file>
	<FileVersion major="1" minor="6" />
	<Project>
		<Option title="metroid_thingy" />
		<Option pch_mode="2" />
		<Option compiler="gcc" />
		<Build>
			<Target title="Debug">
				<Option output="./metroid_thingy" prefix_auto="1" extension_auto="1" />
				<Option object_output="./debug/" />
				<Option type="1" />
				<Option compiler="gcc" />
				<Option parameters="-ed" />
				<Compiler>
					<Add option="-g" />
				</Compiler>
			</Target>
			<Target title="Release">
				<Option output="./metroid_thingy" prefix_auto="1" extension_auto="1" />
				<Option object_output="./release/" />
				<Option type="1" />
				<Option compiler="gcc" />
				<Option parameters="-ed" />
				<Compiler>
					<Add option="-O3" />
				</Compiler>
			</Target>
		</Build>
		<Compiler>
			<Add option="-Wall" />
			<Add option="-std=c11" />
			<Add option="-Wno-missing-braces" />
			<Add directory="lib/SDL/include" />
			<Add directory="lib" />
			<Add directory="lib/GLEW/include" />
			<Add directory="lib/tinyobjloader" />
			<Add directory="lib/OPENAL/include" />
			<Add directory="lib/tinycthread" />
			<Add directory="lib/vorbis/include" />
		</Compiler>
		<Linker>
			<Add library="SDL2" />
			<Add library="opengl32" />
			<Add library="glew32" />
			<Add library="OpenAL32" />
			<Add library="ogg" />
			<Add library="vorbis" />
			<Add library="vorbisfile" />
			<Add directory="lib/SDL/lib" />
			<Add directory="lib/GLEW/lib" />
			<Add directory="lib/OPENAL/lib" />
			<Add directory="lib/vorbis/lib" />
		</Linker>
		<Unit filename="editor/ed_brush.c">
			<Option compilerVar="CC" />
		</Unit>
		<Unit filename="editor/ed_brush.h" />
		<Unit filename="editor/ed_bsp.c">
			<Option compilerVar="CC" />
		</Unit>
		<Unit filename="editor/ed_bsp.h" />
		<Unit filename="editor/ed_com.h" />
		<Unit filename="editor/ed_lev_editor.c">
			<Option compilerVar="CC" />
		</Unit>
		<Unit filename="editor/ed_lev_editor.h" />
		<Unit filename="editor/ed_main.c">
			<Option compilerVar="CC" />
		</Unit>
		<Unit filename="editor/ed_main.h" />
		<Unit filename="editor/ed_pick.c">
			<Option compilerVar="CC" />
		</Unit>
		<Unit filename="editor/ed_pick.h" />
		<Unit filename="engine/anim.c">
			<Option compilerVar="CC" />
		</Unit>
		<Unit filename="engine/anim.h" />
		<Unit filename="engine/game.c">
			<Option compilerVar="CC" />
		</Unit>
		<Unit filename="engine/game.h" />
		<Unit filename="engine/gui.c">
			<Option compilerVar="CC" />
		</Unit>
		<Unit filename="engine/gui.h" />
		<Unit filename="engine/impl.c">
			<Option compilerVar="CC" />
		</Unit>
		<Unit filename="engine/input.c">
			<Option compilerVar="CC" />
		</Unit>
		<Unit filename="engine/input.h" />
		<Unit filename="engine/main.c">
			<Option compilerVar="CC" />
		</Unit>
		<Unit filename="engine/physics.c">
			<Option compilerVar="CC" />
		</Unit>
		<Unit filename="engine/physics.h" />
		<Unit filename="engine/r_com.h" />
		<Unit filename="engine/r_draw.c">
			<Option compilerVar="CC" />
		</Unit>
		<Unit filename="lib/cimgui/cimgui.cpp" />
		<Unit filename="lib/cimgui/cimgui.h" />
		<Unit filename="lib/cimgui/imgui/imconfig.h" />
		<Unit filename="lib/cimgui/imgui/imgui.cpp" />
		<Unit filename="lib/cimgui/imgui/imgui.h" />
		<Unit filename="lib/cimgui/imgui/imgui_demo.cpp" />
		<Unit filename="lib/cimgui/imgui/imgui_draw.cpp" />
		<Unit filename="lib/cimgui/imgui/imgui_internal.h" />
		<Unit filename="lib/cimgui/imgui/imgui_tables.cpp" />
		<Unit filename="lib/cimgui/imgui/imgui_widgets.cpp" />
		<Unit filename="lib/cimgui/imgui/imstb_rectpack.h" />
		<Unit filename="lib/cimgui/imgui/imstb_textedit.h" />
		<Unit filename="lib/cimgui/imgui/imstb_truetype.h" />
		<Unit filename="lib/tinycthread/tinycthread.c">
			<Option compilerVar="CC" />
		</Unit>
		<Unit filename="lib/tinycthread/tinycthread.h" />
		<Extensions>
			<lib_finder disable_auto="1" />
		</Extensions>
	</Project>
</CodeBlocks_project_file>
